
Microsoft Visual Studio Solution File, Format Version 12.00
Project("{FAE04EC0-301F-11D3-BF4B-00C04F79EFBC}") = "Inscribed", "Inscribed.csproj", "{CAAE90DF-A003-413E-8BF2-9DEB2D728CE0}"
EndProject
Global
	GlobalSection(SolutionConfigurationPlatforms) = preSolution
		Debug|Any CPU = Debug|Any CPU
		ExportDebug|Any CPU = ExportDebug|Any CPU
		ExportRelease|Any CPU = ExportRelease|Any CPU
	EndGlobalSection
	GlobalSection(ProjectConfigurationPlatforms) = postSolution
		{CAAE90DF-A003-413E-8BF2-9DEB2D728CE0}.Debug|Any CPU.ActiveCfg = Debug|Any CPU
		{CAAE90DF-A003-413E-8BF2-9DEB2D728CE0}.Debug|Any CPU.Build.0 = Debug|Any CPU
		{CAAE90DF-A003-413E-8BF2-9DEB2D728CE0}.ExportDebug|Any CPU.ActiveCfg = ExportDebug|Any CPU
		{CAAE90DF-A003-413E-8BF2-9DEB2D728CE0}.ExportDebug|Any CPU.Build.0 = ExportDebug|Any CPU
		{CAAE90DF-A003-413E-8BF2-9DEB2D728CE0}.ExportRelease|Any CPU.ActiveCfg = ExportRelease|Any CPU
		{CAAE90DF-A003-413E-8BF2-9DEB2D728CE0}.ExportRelease|Any CPU.Build.0 = ExportRelease|Any CPU
	EndGlobalSection
EndGlobal
